
Microsoft Visual Studio Solution File, Format Version 9.00
# Visual Studio 2005
Project("{FAE04EC0-301F-11D3-BF4B-00C04F79EFBC}") = "BlobClient", "BlobClient.csproj", "{29C576DB-FAEF-495B-87E7-6CD92E583E48}"
EndProject
Project("{FAE04EC0-301F-11D3-BF4B-00C04F79EFBC}") = "CoreLibrary", "..\..\CoreLibrary\CoreLibrary.csproj", "{FEBBC7DB-8011-414D-A825-09694F7EA433}"
EndProject
Global
	GlobalSection(SolutionConfigurationPlatforms) = preSolution
		Debug|Any CPU = Debug|Any CPU
		Release|Any CPU = Release|Any CPU
	EndGlobalSection
	GlobalSection(ProjectConfigurationPlatforms) = postSolution
		{29C576DB-FAEF-495B-87E7-6CD92E583E48}.Debug|Any CPU.ActiveCfg = Debug|Any CPU
		{29C576DB-FAEF-495B-87E7-6CD92E583E48}.Debug|Any CPU.Build.0 = Debug|Any CPU
		{29C576DB-FAEF-495B-87E7-6CD92E583E48}.Release|Any CPU.ActiveCfg = Release|Any CPU
		{29C576DB-FAEF-495B-87E7-6CD92E583E48}.Release|Any CPU.Build.0 = Release|Any CPU
		{FEBBC7DB-8011-414D-A825-09694F7EA433}.Debug|Any CPU.ActiveCfg = Debug|Any CPU
		{FEBBC7DB-8011-414D-A825-09694F7EA433}.Debug|Any CPU.Build.0 = Debug|Any CPU
		{FEBBC7DB-8011-414D-A825-09694F7EA433}.Release|Any CPU.ActiveCfg = Release|Any CPU
		{FEBBC7DB-8011-414D-A825-09694F7EA433}.Release|Any CPU.Build.0 = Release|Any CPU
	EndGlobalSection
	GlobalSection(SolutionProperties) = preSolution
		HideSolutionNode = FALSE
	EndGlobalSection
EndGlobal
